{
    "doctrine/deprecations": {
        "version": "1.1",
        "recipe": {
            "repo": "github.com/symfony/recipes",
            "branch": "main",
            "version": "1.0",
            "ref": "fdd756167454623e21f1d769c5b814b243782a67"
        }
    },
    "doctrine/doctrine-bundle": {
        "version": "2.18",
        "recipe": {
            "repo": "github.com/symfony/recipes",
            "branch": "main",
            "version": "2.10",
            "ref": "d1778a69711a9b06bb4e202977ca6c4a0d16933d"
        },
        "files": [
            "./config/packages/doctrine.yaml",
            "./src/Entity/.gitignore",
            "./src/Repository/.gitignore"
        ]
    },
    "doctrine/doctrine-fixtures-bundle": {
        "version": "4.3",
        "recipe": {
            "repo": "github.com/symfony/recipes",
            "branch": "main",
            "version": "3.0",
            "ref": "1f5514cfa15b947298df4d771e694e578d4c204d"
        },
        "files": [
            "./src/DataFixtures/AppFixtures.php"
        ]
    },
    "doctrine/doctrine-migrations-bundle": {
        "version": "3.7",
        "recipe": {
            "repo": "github.com/symfony/recipes",
            "branch": "main",
            "version": "3.1",
            "ref": "1d01ec03c6ecbd67c3375c5478c9a423ae5d6a33"
        },
        "files": [
            "./config/packages/doctrine_migrations.yaml",
            "./migrations/.gitignore"
        ]
    },
    "knplabs/knp-paginator-bundle": {
        "version": "v6.10.0"
    },
    "php-http/discovery": {
        "version": "1.20",
        "recipe": {
            "repo": "github.com/symfony/recipes",
            "branch": "main",
            "version": "1.18",
            "ref": "f45b5dd173a27873ab19f5e3180b2f661c21de02"
        },
        "files": [
            "./config/packages/http_discovery.yaml"
        ]
    },
    "stof/doctrine-extensions-bundle": {
        "version": "1.15",
        "recipe": {
            "repo": "github.com/symfony/recipes-contrib",
            "branch": "main",
            "version": "1.2",
            "ref": "e805aba9eff5372e2d149a9ff56566769e22819d"
        },
        "files": [
            "./config/packages/stof_doctrine_extensions.yaml"
        ]
    },
    "symfony/console": {
        "version": "6.4",
        "recipe": {
            "repo": "github.com/symfony/recipes",
            "branch": "main",
            "version": "5.3",
            "ref": "1781ff40d8a17d87cf53f8d4cf0c8346ed2bb461"
        },
        "files": [
            "./bin/console"
        ]
    },
    "symfony/flex": {
        "version": "2.10",
        "recipe": {
            "repo": "github.com/symfony/recipes",
            "branch": "main",
            "version": "2.4",
            "ref": "52e9754527a15e2b79d9a610f98185a1fe46622a"
        },
        "files": [
            "./.env",
            "./.env.dev"
        ]
    },
    "symfony/framework-bundle": {
        "version": "6.4",
        "recipe": {
            "repo": "github.com/symfony/recipes",
            "branch": "main",
            "version": "6.4",
            "ref": "08c492c28925bf921d98bc26fd815ae8a38b33d9"
        },
        "files": [
            "./config/packages/cache.yaml",
            "./config/packages/framework.yaml",
            "./config/preload.php",
            "./config/routes/framework.yaml",
            "./config/services.yaml",
            "./public/index.php",
            "./src/Controller/.gitignore",
            "./src/Kernel.php"
        ]
    },
    "symfony/maker-bundle": {
        "version": "1.67",
        "recipe": {
            "repo": "github.com/symfony/recipes",
            "branch": "main",
            "version": "1.0",
            "ref": "fadbfe33303a76e25cb63401050439aa9b1a9c7f"
        }
    },
    "symfony/mercure-bundle": {
        "version": "0.4",
        "recipe": {
            "repo": "github.com/symfony/recipes",
            "branch": "main",
            "version": "0.4",
            "ref": "b141b8c8f13bc8c31d718a5488039b712c0d3592"
        },
        "files": [
            "./config/packages/mercure.yaml"
        ]
    },
    "symfony/routing": {
        "version": "6.4",
        "recipe": {
            "repo": "github.com/symfony/recipes",
            "branch": "main",
            "version": "6.2",
            "ref": "e0a11b4ccb8c9e70b574ff5ad3dfdcd41dec5aa6"
        },
        "files": [
            "./config/packages/routing.yaml",
            "./config/routes.yaml"
        ]
    },
    "symfony/security-bundle": {
        "version": "6.4",
        "recipe": {
            "repo": "github.com/symfony/recipes",
            "branch": "main",
            "version": "6.4",
            "ref": "2ae08430db28c8eb4476605894296c82a642028f"
        },
        "files": [
            "./config/packages/security.yaml",
            "./config/routes/security.yaml"
        ]
    },
    "symfony/stimulus-bundle": {
        "version": "2.35",
        "recipe": {
            "repo": "github.com/symfony/recipes",
            "branch": "main",
            "version": "2.13",
            "ref": "cef742b8d032ecf36f5da9386af91d012b5f5110"
        },
        "files": [
            "./assets/bootstrap.js",
            "./assets/controllers.json",
            "./assets/controllers/hello_controller.js"
        ]
    },
    "symfony/twig-bundle": {
        "version": "6.4",
        "recipe": {
            "repo": "github.com/symfony/recipes",
            "branch": "main",
            "version": "6.4",
            "ref": "f250159ebe99153d0c640a3e7742876fc7453f2c"
        },
        "files": [
            "./config/packages/twig.yaml",
            "./templates/base.html.twig"
        ]
    },
    "symfony/ux-chartjs": {
        "version": "v2.35.0"
    },
    "symfony/validator": {
        "version": "6.4",
        "recipe": {
            "repo": "github.com/symfony/recipes",
            "branch": "main",
            "version": "5.3",
            "ref": "c32cfd98f714894c4f128bb99aa2530c1227603c"
        },
        "files": [
            "./config/packages/validator.yaml"
        ]
    },
    "twig/extra-bundle": {
        "version": "v3.24.0"
    },
    "vich/uploader-bundle": {
        "version": "2.9",
        "recipe": {
            "repo": "github.com/symfony/recipes-contrib",
            "branch": "main",
            "version": "1.13",
            "ref": "1b3064c2f6b255c2bc2f56461aaeb76b11e07e36"
        },
        "files": [
            "./config/packages/vich_uploader.yaml"
        ]
    }
}
